
Microsoft Visual Studio Solution File, Format Version 12.00
# Visual Studio Version 16
VisualStudioVersion = 16.0.29905.134
MinimumVisualStudioVersion = 10.0.40219.1
Project("{FAE04EC0-301F-11D3-BF4B-00C04F79EFBC}") = "DotNetSimpleAuth", "DotNetSimpleAuth\DotNetSimpleAuth.csproj", "{5594E759-AA5D-40DD-89FD-7641C8DF9303}"
EndProject
Global
	GlobalSection(SolutionConfigurationPlatforms) = preSolution
		Debug|Any CPU = Debug|Any CPU
		Release|Any CPU = Release|Any CPU
	EndGlobalSection
	GlobalSection(ProjectConfigurationPlatforms) = postSolution
		{5594E759-AA5D-40DD-89FD-7641C8DF9303}.Debug|Any CPU.ActiveCfg = Debug|Any CPU
		{5594E759-AA5D-40DD-89FD-7641C8DF9303}.Debug|Any CPU.Build.0 = Debug|Any CPU
		{5594E759-AA5D-40DD-89FD-7641C8DF9303}.Release|Any CPU.ActiveCfg = Release|Any CPU
		{5594E759-AA5D-40DD-89FD-7641C8DF9303}.Release|Any CPU.Build.0 = Release|Any CPU
	EndGlobalSection
	GlobalSection(SolutionProperties) = preSolution
		HideSolutionNode = FALSE
	EndGlobalSection
	GlobalSection(ExtensibilityGlobals) = postSolution
		SolutionGuid = {9C2D4EDA-01AF-493D-BCEA-3B39515CD8D6}
	EndGlobalSection
EndGlobal
